
Microsoft Visual Studio Solution File, Format Version 12.00
# Visual Studio Version 17
VisualStudioVersion = 17.3.32922.545
MinimumVisualStudioVersion = 10.0.40219.1
Project("{FAE04EC0-301F-11D3-BF4B-00C04F79EFBC}") = "RacingCar", "RacingCar\RacingCar.csproj", "{33605EFA-9AA7-486F-9232-C773F8FE7D1F}"
EndProject
Global
	GlobalSection(SolutionConfigurationPlatforms) = preSolution
		Debug|Any CPU = Debug|Any CPU
		Release|Any CPU = Release|Any CPU
	EndGlobalSection
	GlobalSection(ProjectConfigurationPlatforms) = postSolution
		{33605EFA-9AA7-486F-9232-C773F8FE7D1F}.Debug|Any CPU.ActiveCfg = Debug|Any CPU
		{33605EFA-9AA7-486F-9232-C773F8FE7D1F}.Debug|Any CPU.Build.0 = Debug|Any CPU
		{33605EFA-9AA7-486F-9232-C773F8FE7D1F}.Release|Any CPU.ActiveCfg = Release|Any CPU
		{33605EFA-9AA7-486F-9232-C773F8FE7D1F}.Release|Any CPU.Build.0 = Release|Any CPU
	EndGlobalSection
	GlobalSection(SolutionProperties) = preSolution
		HideSolutionNode = FALSE
	EndGlobalSection
	GlobalSection(ExtensibilityGlobals) = postSolution
		SolutionGuid = {E8B3812C-D28E-4FE6-9B8D-720B57A46B2B}
	EndGlobalSection
EndGlobal
